{
  "nodes": {
    "flake-compat": {
      "flake": false,
      "locked": {
        "lastModified": 1673956053,
        "narHash": "sha256-4gtG9iQuiKITOjNQQeQIpoIB6b16fm+504Ch3sNKLd8=",
        "owner": "edolstra",
        "repo": "flake-compat",
        "rev": "35bb57c0c8d8b62bbfd284272c928ceb64ddbde9",
        "type": "github"
      },
      "original": {
        "owner": "edolstra",
        "repo": "flake-compat",
        "type": "github"
      }
    },
    "flake-utils": {
      "inputs": {
        "systems": "systems"
      },
      "locked": {
        "lastModified": 1710146030,
        "narHash": "sha256-SZ5L6eA7HJ/nmkzGG7/ISclqe6oZdOZTNoesiInkXPQ=",
        "owner": "numtide",
        "repo": "flake-utils",
        "rev": "b1d9ab70662946ef0850d488da1c9019f3a9752a",
        "type": "github"
      },
      "original": {
        "owner": "numtide",
        "repo": "flake-utils",
        "type": "github"
      }
    },
    "home-manager": {
      "inputs": {
        "nixpkgs": "nixpkgs"
      },
      "locked": {
        "lastModified": 1714042918,
        "narHash": "sha256-4AItZA3EQIiSNAxliuYEJumw/LaVfrMv84gYyrs0r3U=",
        "owner": "nix-community",
        "repo": "home-manager",
        "rev": "0c5704eceefcb7bb238a958f532a86e3b59d76db",
        "type": "github"
      },
      "original": {
        "id": "home-manager",
        "type": "indirect"
      }
    },
    "libgit2": {
      "flake": false,
      "locked": {
        "lastModified": 1697646580,
        "narHash": "sha256-oX4Z3S9WtJlwvj0uH9HlYcWv+x1hqp8mhXl7HsLu2f0=",
        "owner": "libgit2",
        "repo": "libgit2",
        "rev": "45fd9ed7ae1a9b74b957ef4f337bc3c8b3df01b5",
        "type": "github"
      },
      "original": {
        "owner": "libgit2",
        "repo": "libgit2",
        "type": "github"
      }
    },
    "nix": {
      "inputs": {
        "nix": "nix_2",
        "nixpkgs": "nixpkgs_3"
      },
      "locked": {
        "lastModified": 1713457987,
        "narHash": "sha256-HNt+ocnqVlwGzYx+3DQRlfv06iSv2I7Ch5kuRH7W7m4=",
        "rev": "f59b936e273bc761648b45a9f822693f0424da4d",
        "revCount": 56,
        "type": "tarball",
        "url": "https://api.flakehub.com/f/pinned/DeterminateSystems/nix/2.21.2/018ef218-45b2-731b-8c3b-a9fc57c55fd1/source.tar.gz"
      },
      "original": {
        "type": "tarball",
        "url": "https://flakehub.com/f/DeterminateSystems/nix/2.0"
      }
    },
    "nix-darwin": {
      "inputs": {
        "nixpkgs": "nixpkgs_4"
      },
      "locked": {
        "lastModified": 1713946171,
        "narHash": "sha256-lc75rgRQLdp4Dzogv5cfqOg6qYc5Rp83oedF2t0kDp8=",
        "owner": "LnL7",
        "repo": "nix-darwin",
        "rev": "230a197063de9287128e2c68a7a4b0cd7d0b50a7",
        "type": "github"
      },
      "original": {
        "id": "nix-darwin",
        "type": "indirect"
      }
    },
    "nix_2": {
      "inputs": {
        "flake-compat": "flake-compat",
        "libgit2": "libgit2",
        "nixpkgs": "nixpkgs_2",
        "nixpkgs-regression": "nixpkgs-regression"
      },
      "locked": {
        "lastModified": 1712161137,
        "narHash": "sha256-ObaVDDPtnOeIE0t7m4OVk5G+OS6d9qYh+ktK67Fe/zE=",
        "rev": "355cbc482f33f5b07a6bc0d72be862b1ccdb99dd",
        "revCount": 16488,
        "type": "tarball",
        "url": "https://api.flakehub.com/f/pinned/NixOS/nix/2.21.2/018eaedc-df49-7da8-8007-06186938ee08/source.tar.gz"
      },
      "original": {
        "type": "tarball",
        "url": "https://flakehub.com/f/NixOS/nix/%3D2.21.2"
      }
    },
    "nixgl": {
      "inputs": {
        "flake-utils": [
          "flake-utils"
        ],
        "nixpkgs": [
          "nixpkgs"
        ]
      },
      "locked": {
        "lastModified": 1713543440,
        "narHash": "sha256-lnzZQYG0+EXl/6NkGpyIz+FEOc/DSEG57AP1VsdeNrM=",
        "owner": "guibou",
        "repo": "nixGL",
        "rev": "310f8e49a149e4c9ea52f1adf70cdc768ec53f8a",
        "type": "github"
      },
      "original": {
        "owner": "guibou",
        "repo": "nixGL",
        "type": "github"
      }
    },
    "nixpkgs": {
      "locked": {
        "lastModified": 1713714899,
        "narHash": "sha256-+z/XjO3QJs5rLE5UOf015gdVauVRQd2vZtsFkaXBq2Y=",
        "owner": "NixOS",
        "repo": "nixpkgs",
        "rev": "6143fc5eeb9c4f00163267708e26191d1e918932",
        "type": "github"
      },
      "original": {
        "owner": "NixOS",
        "ref": "nixos-unstable",
        "repo": "nixpkgs",
        "type": "github"
      }
    },
    "nixpkgs-regression": {
      "locked": {
        "lastModified": 1643052045,
        "narHash": "sha256-uGJ0VXIhWKGXxkeNnq4TvV3CIOkUJ3PAoLZ3HMzNVMw=",
        "owner": "NixOS",
        "repo": "nixpkgs",
        "rev": "215d4d0fd80ca5163643b03a33fde804a29cc1e2",
        "type": "github"
      },
      "original": {
        "owner": "NixOS",
        "repo": "nixpkgs",
        "rev": "215d4d0fd80ca5163643b03a33fde804a29cc1e2",
        "type": "github"
      }
    },
    "nixpkgs_2": {
      "locked": {
        "lastModified": 1709083642,
        "narHash": "sha256-7kkJQd4rZ+vFrzWu8sTRtta5D1kBG0LSRYAfhtmMlSo=",
        "owner": "NixOS",
        "repo": "nixpkgs",
        "rev": "b550fe4b4776908ac2a861124307045f8e717c8e",
        "type": "github"
      },
      "original": {
        "owner": "NixOS",
        "ref": "release-23.11",
        "repo": "nixpkgs",
        "type": "github"
      }
    },
    "nixpkgs_3": {
      "locked": {
        "lastModified": 1713145326,
        "narHash": "sha256-m7+IWM6mkWOg22EC5kRUFCycXsXLSU7hWmHdmBfmC3s=",
        "rev": "53a2c32bc66f5ae41a28d7a9a49d321172af621e",
        "revCount": 557721,
        "type": "tarball",
        "url": "https://api.flakehub.com/f/pinned/NixOS/nixpkgs/0.2311.557721%2Brev-53a2c32bc66f5ae41a28d7a9a49d321172af621e/018ee413-6e9c-72d4-be11-b9bef24c16bc/source.tar.gz"
      },
      "original": {
        "type": "tarball",
        "url": "https://flakehub.com/f/NixOS/nixpkgs/%2A"
      }
    },
    "nixpkgs_4": {
      "locked": {
        "lastModified": 1687274257,
        "narHash": "sha256-TutzPriQcZ8FghDhEolnHcYU2oHIG5XWF+/SUBNnAOE=",
        "path": "/nix/store/22qgs3skscd9bmrxv9xv4q5d4wwm5ppx-source",
        "rev": "2c9ecd1f0400076a4d6b2193ad468ff0a7e7fdc5",
        "type": "path"
      },
      "original": {
        "id": "nixpkgs",
        "type": "indirect"
      }
    },
    "nixpkgs_5": {
      "locked": {
        "lastModified": 1713805509,
        "narHash": "sha256-YgSEan4CcrjivCNO5ZNzhg7/8ViLkZ4CB/GrGBVSudo=",
        "rev": "1e1dc66fe68972a76679644a5577828b6a7e8be4",
        "revCount": 615524,
        "type": "tarball",
        "url": "https://api.flakehub.com/f/pinned/DeterminateSystems/nixpkgs-weekly/0.1.615524%2Brev-1e1dc66fe68972a76679644a5577828b6a7e8be4/018f0971-8b7c-79d9-8fdb-de22195f63e5/source.tar.gz"
      },
      "original": {
        "id": "nixpkgs",
        "type": "indirect"
      }
    },
    "root": {
      "inputs": {
        "flake-utils": "flake-utils",
        "home-manager": "home-manager",
        "nix": "nix",
        "nix-darwin": "nix-darwin",
        "nixgl": "nixgl",
        "nixpkgs": "nixpkgs_5"
      }
    },
    "systems": {
      "locked": {
        "lastModified": 1681028828,
        "narHash": "sha256-Vy1rq5AaRuLzOxct8nz4T6wlgyUR7zLU309k9mBC768=",
        "owner": "nix-systems",
        "repo": "default",
        "rev": "da67096a3b9bf56a91d16901293e51ba5b49a27e",
        "type": "github"
      },
      "original": {
        "owner": "nix-systems",
        "repo": "default",
        "type": "github"
      }
    }
  },
  "root": "root",
  "version": 7
}
